
Microsoft Visual Studio Solution File, Format Version 12.00
# Visual Studio Version 17
VisualStudioVersion = 17.9.34902.65
MinimumVisualStudioVersion = 10.0.40219.1
Project("{2150E333-8FDC-42A3-9474-1A3956D46DE8}") = "Presentation", "Presentation", "{2A9DF4EF-9B32-4EAB-BD59-19995AD02B01}"
EndProject
Project("{FAE04EC0-301F-11D3-BF4B-00C04F79EFBC}") = "Blob.Storage.Listner", "src\Blob.Storage.Listner\Blob.Storage.Listner.csproj", "{D72A15E8-132A-460A-B588-3E1A94E293CF}"
EndProject
Global
	GlobalSection(SolutionConfigurationPlatforms) = preSolution
		Debug|Any CPU = Debug|Any CPU
		Release|Any CPU = Release|Any CPU
	EndGlobalSection
	GlobalSection(ProjectConfigurationPlatforms) = postSolution
		{D72A15E8-132A-460A-B588-3E1A94E293CF}.Debug|Any CPU.ActiveCfg = Debug|Any CPU
		{D72A15E8-132A-460A-B588-3E1A94E293CF}.Debug|Any CPU.Build.0 = Debug|Any CPU
		{D72A15E8-132A-460A-B588-3E1A94E293CF}.Release|Any CPU.ActiveCfg = Release|Any CPU
		{D72A15E8-132A-460A-B588-3E1A94E293CF}.Release|Any CPU.Build.0 = Release|Any CPU
	EndGlobalSection
	GlobalSection(SolutionProperties) = preSolution
		HideSolutionNode = FALSE
	EndGlobalSection
	GlobalSection(NestedProjects) = preSolution
		{D72A15E8-132A-460A-B588-3E1A94E293CF} = {2A9DF4EF-9B32-4EAB-BD59-19995AD02B01}
	EndGlobalSection
	GlobalSection(ExtensibilityGlobals) = postSolution
		SolutionGuid = {D1587495-1079-4709-969C-F25FDE90BD0F}
	EndGlobalSection
EndGlobal
