
Microsoft Visual Studio Solution File, Format Version 12.00
# Visual Studio Version 17
VisualStudioVersion = 17.9.34902.65
MinimumVisualStudioVersion = 10.0.40219.1
Project("{2150E333-8FDC-42A3-9474-1A3956D46DE8}") = "0 - Presentation", "0 - Presentation", "{2A9DF4EF-9B32-4EAB-BD59-19995AD02B01}"
EndProject
Project("{9A19103F-16F7-4668-BE54-9A1E7A4F7556}") = "Blob.Storage.Listner", "src\Blob.Storage.Listner\Blob.Storage.Listner.csproj", "{D72A15E8-132A-460A-B588-3E1A94E293CF}"
EndProject
Project("{2150E333-8FDC-42A3-9474-1A3956D46DE8}") = "1 - Application", "1 - Application", "{CE875171-BBAD-4146-8FF9-66B04285CC1B}"
EndProject
Project("{9A19103F-16F7-4668-BE54-9A1E7A4F7556}") = "StorageMailNotifier.Application", "src\StorageMailNotifier.Application\StorageMailNotifier.Application.csproj", "{2064D8A7-997E-42B4-AF0D-F81A4613F11C}"
EndProject
Project("{9A19103F-16F7-4668-BE54-9A1E7A4F7556}") = "StorageMailNotifier.Application.Tests", "tests\StorageMailNotifier.Application.Tests\StorageMailNotifier.Application.Tests.csproj", "{D015F9BB-F8C6-477F-ADE3-D6B53430CA01}"
EndProject
Project("{2150E333-8FDC-42A3-9474-1A3956D46DE8}") = "2 - Domain", "2 - Domain", "{91064683-FB91-4434-9550-3A6E0DAC6E80}"
EndProject
Project("{9A19103F-16F7-4668-BE54-9A1E7A4F7556}") = "StorageMailNotifier.Domain", "src\StorageMailNotifier.Domain\StorageMailNotifier.Domain.csproj", "{E745C7E8-19D4-47CF-86DC-8705816EC552}"
EndProject
Project("{2150E333-8FDC-42A3-9474-1A3956D46DE8}") = "3 - Infrastructure", "3 - Infrastructure", "{2C3F919C-B324-4083-BD76-4367F496A327}"
EndProject
Project("{9A19103F-16F7-4668-BE54-9A1E7A4F7556}") = "StorageMailNotifier.Infrastructure", "src\StorageMailNotifier.Infrastructure\StorageMailNotifier.Infrastructure.csproj", "{D126D874-2F90-4C9C-9C3E-7E7543870814}"
EndProject
Project("{9A19103F-16F7-4668-BE54-9A1E7A4F7556}") = "StorageMailNotifier.Domain.Tests", "tests\StorageMailNotifier.Domain.Tests\StorageMailNotifier.Domain.Tests.csproj", "{2701D873-6E90-4AF8-B28D-58C068F02D2E}"
EndProject
Project("{9A19103F-16F7-4668-BE54-9A1E7A4F7556}") = "Blob.Storage.Listner.Tests", "tests\Blob.Storage.Listner.Tests\Blob.Storage.Listner.Tests.csproj", "{BECA96DA-E5DF-4211-94B9-4033C0571334}"
EndProject
Project("{9A19103F-16F7-4668-BE54-9A1E7A4F7556}") = "StorageMailNotifier.Infrastructure.IoC", "src\StorageMailNotifier.Infrastructure.IoC\StorageMailNotifier.Infrastructure.IoC.csproj", "{3F7FE653-8928-4254-9771-0270D6D2752F}"
EndProject
Project("{2150E333-8FDC-42A3-9474-1A3956D46DE8}") = "0 - Delivery", "0 - Delivery", "{91A6C97F-7DEA-4B2B-A5E4-A0B73F9C89D0}"
	ProjectSection(SolutionItems) = preProject
		.github\workflows\BlobStorageListner.yml = .github\workflows\BlobStorageListner.yml
		.github\workflows\ci-cd-pipeline.yml = .github\workflows\ci-cd-pipeline.yml
	EndProjectSection
EndProject
Global
	GlobalSection(SolutionConfigurationPlatforms) = preSolution
		Debug|Any CPU = Debug|Any CPU
		Release|Any CPU = Release|Any CPU
	EndGlobalSection
	GlobalSection(ProjectConfigurationPlatforms) = postSolution
		{D72A15E8-132A-460A-B588-3E1A94E293CF}.Debug|Any CPU.ActiveCfg = Debug|Any CPU
		{D72A15E8-132A-460A-B588-3E1A94E293CF}.Debug|Any CPU.Build.0 = Debug|Any CPU
		{D72A15E8-132A-460A-B588-3E1A94E293CF}.Release|Any CPU.ActiveCfg = Release|Any CPU
		{D72A15E8-132A-460A-B588-3E1A94E293CF}.Release|Any CPU.Build.0 = Release|Any CPU
		{2064D8A7-997E-42B4-AF0D-F81A4613F11C}.Debug|Any CPU.ActiveCfg = Debug|Any CPU
		{2064D8A7-997E-42B4-AF0D-F81A4613F11C}.Debug|Any CPU.Build.0 = Debug|Any CPU
		{2064D8A7-997E-42B4-AF0D-F81A4613F11C}.Release|Any CPU.ActiveCfg = Release|Any CPU
		{2064D8A7-997E-42B4-AF0D-F81A4613F11C}.Release|Any CPU.Build.0 = Release|Any CPU
		{D015F9BB-F8C6-477F-ADE3-D6B53430CA01}.Debug|Any CPU.ActiveCfg = Debug|Any CPU
		{D015F9BB-F8C6-477F-ADE3-D6B53430CA01}.Debug|Any CPU.Build.0 = Debug|Any CPU
		{D015F9BB-F8C6-477F-ADE3-D6B53430CA01}.Release|Any CPU.ActiveCfg = Release|Any CPU
		{D015F9BB-F8C6-477F-ADE3-D6B53430CA01}.Release|Any CPU.Build.0 = Release|Any CPU
		{E745C7E8-19D4-47CF-86DC-8705816EC552}.Debug|Any CPU.ActiveCfg = Debug|Any CPU
		{E745C7E8-19D4-47CF-86DC-8705816EC552}.Debug|Any CPU.Build.0 = Debug|Any CPU
		{E745C7E8-19D4-47CF-86DC-8705816EC552}.Release|Any CPU.ActiveCfg = Release|Any CPU
		{E745C7E8-19D4-47CF-86DC-8705816EC552}.Release|Any CPU.Build.0 = Release|Any CPU
		{D126D874-2F90-4C9C-9C3E-7E7543870814}.Debug|Any CPU.ActiveCfg = Debug|Any CPU
		{D126D874-2F90-4C9C-9C3E-7E7543870814}.Debug|Any CPU.Build.0 = Debug|Any CPU
		{D126D874-2F90-4C9C-9C3E-7E7543870814}.Release|Any CPU.ActiveCfg = Release|Any CPU
		{D126D874-2F90-4C9C-9C3E-7E7543870814}.Release|Any CPU.Build.0 = Release|Any CPU
		{2701D873-6E90-4AF8-B28D-58C068F02D2E}.Debug|Any CPU.ActiveCfg = Debug|Any CPU
		{2701D873-6E90-4AF8-B28D-58C068F02D2E}.Debug|Any CPU.Build.0 = Debug|Any CPU
		{2701D873-6E90-4AF8-B28D-58C068F02D2E}.Release|Any CPU.ActiveCfg = Release|Any CPU
		{2701D873-6E90-4AF8-B28D-58C068F02D2E}.Release|Any CPU.Build.0 = Release|Any CPU
		{BECA96DA-E5DF-4211-94B9-4033C0571334}.Debug|Any CPU.ActiveCfg = Debug|Any CPU
		{BECA96DA-E5DF-4211-94B9-4033C0571334}.Debug|Any CPU.Build.0 = Debug|Any CPU
		{BECA96DA-E5DF-4211-94B9-4033C0571334}.Release|Any CPU.ActiveCfg = Release|Any CPU
		{BECA96DA-E5DF-4211-94B9-4033C0571334}.Release|Any CPU.Build.0 = Release|Any CPU
		{3F7FE653-8928-4254-9771-0270D6D2752F}.Debug|Any CPU.ActiveCfg = Debug|Any CPU
		{3F7FE653-8928-4254-9771-0270D6D2752F}.Debug|Any CPU.Build.0 = Debug|Any CPU
		{3F7FE653-8928-4254-9771-0270D6D2752F}.Release|Any CPU.ActiveCfg = Release|Any CPU
		{3F7FE653-8928-4254-9771-0270D6D2752F}.Release|Any CPU.Build.0 = Release|Any CPU
	EndGlobalSection
	GlobalSection(SolutionProperties) = preSolution
		HideSolutionNode = FALSE
	EndGlobalSection
	GlobalSection(NestedProjects) = preSolution
		{D72A15E8-132A-460A-B588-3E1A94E293CF} = {2A9DF4EF-9B32-4EAB-BD59-19995AD02B01}
		{2064D8A7-997E-42B4-AF0D-F81A4613F11C} = {CE875171-BBAD-4146-8FF9-66B04285CC1B}
		{D015F9BB-F8C6-477F-ADE3-D6B53430CA01} = {CE875171-BBAD-4146-8FF9-66B04285CC1B}
		{E745C7E8-19D4-47CF-86DC-8705816EC552} = {91064683-FB91-4434-9550-3A6E0DAC6E80}
		{D126D874-2F90-4C9C-9C3E-7E7543870814} = {2C3F919C-B324-4083-BD76-4367F496A327}
		{2701D873-6E90-4AF8-B28D-58C068F02D2E} = {91064683-FB91-4434-9550-3A6E0DAC6E80}
		{BECA96DA-E5DF-4211-94B9-4033C0571334} = {2A9DF4EF-9B32-4EAB-BD59-19995AD02B01}
		{3F7FE653-8928-4254-9771-0270D6D2752F} = {2C3F919C-B324-4083-BD76-4367F496A327}
	EndGlobalSection
	GlobalSection(ExtensibilityGlobals) = postSolution
		SolutionGuid = {D1587495-1079-4709-969C-F25FDE90BD0F}
	EndGlobalSection
EndGlobal
